
Microsoft Visual Studio Solution File, Format Version 12.00
# Visual Studio Version 17
VisualStudioVersion = 17.8.34316.72
MinimumVisualStudioVersion = 10.0.40219.1
Project("{FAE04EC0-301F-11D3-BF4B-00C04F79EFBC}") = "PrimeFactors", "TDDpractice_PrimeFactor\PrimeFactors.csproj", "{CBD2B740-2992-42B7-81C5-4B522F928968}"
EndProject
Project("{FAE04EC0-301F-11D3-BF4B-00C04F79EFBC}") = "PrimeFactorTests", "PrimeFactorTests\PrimeFactorTests.csproj", "{9A97B0D2-F9FA-4A88-B519-AB750963949E}"
EndProject
Global
	GlobalSection(SolutionConfigurationPlatforms) = preSolution
		Debug|Any CPU = Debug|Any CPU
		Release|Any CPU = Release|Any CPU
	EndGlobalSection
	GlobalSection(ProjectConfigurationPlatforms) = postSolution
		{CBD2B740-2992-42B7-81C5-4B522F928968}.Debug|Any CPU.ActiveCfg = Debug|Any CPU
		{CBD2B740-2992-42B7-81C5-4B522F928968}.Debug|Any CPU.Build.0 = Debug|Any CPU
		{CBD2B740-2992-42B7-81C5-4B522F928968}.Release|Any CPU.ActiveCfg = Release|Any CPU
		{CBD2B740-2992-42B7-81C5-4B522F928968}.Release|Any CPU.Build.0 = Release|Any CPU
		{9A97B0D2-F9FA-4A88-B519-AB750963949E}.Debug|Any CPU.ActiveCfg = Debug|Any CPU
		{9A97B0D2-F9FA-4A88-B519-AB750963949E}.Debug|Any CPU.Build.0 = Debug|Any CPU
		{9A97B0D2-F9FA-4A88-B519-AB750963949E}.Release|Any CPU.ActiveCfg = Release|Any CPU
		{9A97B0D2-F9FA-4A88-B519-AB750963949E}.Release|Any CPU.Build.0 = Release|Any CPU
	EndGlobalSection
	GlobalSection(SolutionProperties) = preSolution
		HideSolutionNode = FALSE
	EndGlobalSection
	GlobalSection(ExtensibilityGlobals) = postSolution
		SolutionGuid = {73CEF89A-A853-4293-A99A-BD053CFE9C45}
	EndGlobalSection
EndGlobal
